{
  "version": 4,
  "terraform_version": "1.1.3",
  "serial": 53,
  "lineage": "e4740f62-9d44-1c72-3291-2407006056ed",
  "outputs": {},
  "resources": [
    {
      "mode": "managed",
      "type": "aws_db_instance",
      "name": "rds_instance",
      "provider": "provider[\"registry.terraform.io/hashicorp/aws\"]",
      "instances": [
        {
          "schema_version": 2,
          "attributes": {
            "address": "prod-ranjeet-retails-db.cpdrl4uz73bi.us-east-1.rds.amazonaws.com",
            "allocated_storage": 100,
            "allow_major_version_upgrade": null,
            "apply_immediately": true,
            "arn": "arn:aws:rds:us-east-1:484579052555:db:prod-ranjeet-retails-db",
            "auto_minor_version_upgrade": true,
            "availability_zone": "us-east-1c",
            "backup_retention_period": 7,
            "backup_target": "region",
            "backup_window": "07:22-07:52",
            "blue_green_update": [],
            "ca_cert_identifier": "rds-ca-2019",
            "character_set_name": "",
            "copy_tags_to_snapshot": false,
            "custom_iam_instance_profile": "",
            "customer_owned_ip_enabled": false,
            "db_name": "",
            "db_subnet_group_name": "prod-ranjeet-retails-subnet-group",
            "delete_automated_backups": true,
            "deletion_protection": false,
            "domain": "",
            "domain_iam_role_name": "",
            "enabled_cloudwatch_logs_exports": [],
            "endpoint": "prod-ranjeet-retails-db.cpdrl4uz73bi.us-east-1.rds.amazonaws.com:3306",
            "engine": "mysql",
            "engine_version": "8.0.33",
            "engine_version_actual": "8.0.33",
            "final_snapshot_identifier": null,
            "hosted_zone_id": "Z2R2ITUGPM61AM",
            "iam_database_authentication_enabled": false,
            "id": "db-TSGRO7EMPD2ELCEP5W46NJZRLQ",
            "identifier": "prod-ranjeet-retails-db",
            "identifier_prefix": "",
            "instance_class": "db.r6i.xlarge",
            "iops": 0,
            "kms_key_id": "",
            "latest_restorable_time": "2023-09-24T16:50:00Z",
            "license_model": "general-public-license",
            "listener_endpoint": [],
            "maintenance_window": "tue:08:55-tue:09:25",
            "manage_master_user_password": null,
            "master_user_secret": [],
            "master_user_secret_kms_key_id": null,
            "max_allocated_storage": 0,
            "monitoring_interval": 0,
            "monitoring_role_arn": "",
            "multi_az": true,
            "nchar_character_set_name": "",
            "network_type": "IPV4",
            "option_group_name": "default:mysql-8-0",
            "parameter_group_name": "default.mysql8.0",
            "password": "kappu1234",
            "performance_insights_enabled": false,
            "performance_insights_kms_key_id": "",
            "performance_insights_retention_period": 0,
            "port": 3306,
            "publicly_accessible": true,
            "replica_mode": "",
            "replicas": [],
            "replicate_source_db": "",
            "resource_id": "db-TSGRO7EMPD2ELCEP5W46NJZRLQ",
            "restore_to_point_in_time": [],
            "s3_import": [],
            "skip_final_snapshot": true,
            "snapshot_identifier": null,
            "status": "available",
            "storage_encrypted": false,
            "storage_throughput": 0,
            "storage_type": "gp2",
            "tags": {
              "Application": "ranjeet-retails",
              "CostCenter": "kappppp",
              "Environment": "prod",
              "Name": "prod-ranjeet-retails-db",
              "Owner": "ranjeet"
            },
            "tags_all": {
              "Application": "ranjeet-retails",
              "CostCenter": "kappppp",
              "Environment": "prod",
              "Name": "prod-ranjeet-retails-db",
              "Owner": "ranjeet"
            },
            "timeouts": null,
            "timezone": "",
            "username": "kappu",
            "vpc_security_group_ids": [
              "sg-0ea6cb0f57323771b"
            ]
          },
          "sensitive_attributes": [],
          "private": "eyJlMmJmYjczMC1lY2FhLTExZTYtOGY4OC0zNDM2M2JjN2M0YzAiOnsiY3JlYXRlIjoyNDAwMDAwMDAwMDAwLCJkZWxldGUiOjM2MDAwMDAwMDAwMDAsInVwZGF0ZSI6NDgwMDAwMDAwMDAwMH0sInNjaGVtYV92ZXJzaW9uIjoiMiJ9",
          "dependencies": [
            "aws_db_subnet_group.rds_subnet_group",
            "aws_security_group.rds_security_group"
          ]
        }
      ]
    },
    {
      "mode": "managed",
      "type": "aws_db_subnet_group",
      "name": "rds_subnet_group",
      "provider": "provider[\"registry.terraform.io/hashicorp/aws\"]",
      "instances": [
        {
          "schema_version": 0,
          "attributes": {
            "arn": "arn:aws:rds:us-east-1:484579052555:subgrp:prod-ranjeet-retails-subnet-group",
            "description": "Managed by Terraform",
            "id": "prod-ranjeet-retails-subnet-group",
            "name": "prod-ranjeet-retails-subnet-group",
            "name_prefix": "",
            "subnet_ids": [
              "subnet-028409186392dddc3",
              "subnet-0587fd7cd5179905c",
              "subnet-0608da2f48d29861a"
            ],
            "supported_network_types": [
              "IPV4"
            ],
            "tags": {},
            "tags_all": {},
            "vpc_id": "vpc-0bf159c6c6ecc3420"
          },
          "sensitive_attributes": [],
          "private": "bnVsbA=="
        }
      ]
    },
    {
      "mode": "managed",
      "type": "aws_security_group",
      "name": "rds_security_group",
      "provider": "provider[\"registry.terraform.io/hashicorp/aws\"]",
      "instances": [
        {
          "schema_version": 1,
          "attributes": {
            "arn": "arn:aws:ec2:us-east-1:484579052555:security-group/sg-0ea6cb0f57323771b",
            "description": "Security group for RDS instance",
            "egress": [
              {
                "cidr_blocks": [
                  "0.0.0.0/0"
                ],
                "description": "",
                "from_port": 0,
                "ipv6_cidr_blocks": [],
                "prefix_list_ids": [],
                "protocol": "-1",
                "security_groups": [],
                "self": false,
                "to_port": 0
              }
            ],
            "id": "sg-0ea6cb0f57323771b",
            "ingress": [
              {
                "cidr_blocks": [
                  "0.0.0.0/0"
                ],
                "description": "",
                "from_port": 1433,
                "ipv6_cidr_blocks": [],
                "prefix_list_ids": [],
                "protocol": "tcp",
                "security_groups": [],
                "self": false,
                "to_port": 1433
              }
            ],
            "name": "prod-ranjeet-retails-rds-sg",
            "name_prefix": "",
            "owner_id": "484579052555",
            "revoke_rules_on_delete": false,
            "tags": {
              "Application": "ranjeet-retails",
              "CostCenter": "kappppp",
              "Environment": "prod",
              "Name": "prod-ranjeet-retails-rds-sg",
              "Owner": "ranjeet"
            },
            "tags_all": {
              "Application": "ranjeet-retails",
              "CostCenter": "kappppp",
              "Environment": "prod",
              "Name": "prod-ranjeet-retails-rds-sg",
              "Owner": "ranjeet"
            },
            "timeouts": null,
            "vpc_id": "vpc-0bf159c6c6ecc3420"
          },
          "sensitive_attributes": [],
          "private": "eyJlMmJmYjczMC1lY2FhLTExZTYtOGY4OC0zNDM2M2JjN2M0YzAiOnsiY3JlYXRlIjo2MDAwMDAwMDAwMDAsImRlbGV0ZSI6OTAwMDAwMDAwMDAwfSwic2NoZW1hX3ZlcnNpb24iOiIxIn0="
        }
      ]
    }
  ]
}
